// !$*UTF8*$!
{
	archiveVersion = 1;
	classes = {
	};
	objectVersion = 55;
	objects = {

/* Begin PBXBuildFile section */
		F25A70782F7122A500888A49 /* GastronomicDictionaryApp.swift in Sources */ = {isa = PBXBuildFile; fileRef = F25A70772F7122A500888A49 /* GastronomicDictionaryApp.swift */; };
		F25A707A2F7122A500888A49 /* ContentView.swift in Sources */ = {isa = PBXBuildFile; fileRef = F25A70792F7122A500888A49 /* ContentView.swift */; };
		F25A707C2F7122AA00888A49 /* Assets.xcassets in Resources */ = {isa = PBXBuildFile; fileRef = F25A707B2F7122AA00888A49 /* Assets.xcassets */; };
		F25A707F2F7122AA00888A49 /* Preview Assets.xcassets in Resources */ = {isa = PBXBuildFile; fileRef = F25A707E2F7122AA00888A49 /* Preview Assets.xcassets */; };
		F25A70872F71234700888A49 /* Dish.swift in Sources */ = {isa = PBXBuildFile; fileRef = F25A70862F71234700888A49 /* Dish.swift */; };
		F25A708A2F7123F900888A49 /* DishViewCell.swift in Sources */ = {isa = PBXBuildFile; fileRef = F25A70892F7123F900888A49 /* DishViewCell.swift */; };
		F25A708D2F71248D00888A49 /* DishViewController.swift in Sources */ = {isa = PBXBuildFile; fileRef = F25A708C2F71248D00888A49 /* DishViewController.swift */; };
		F25A70902F71250300888A49 /* DishContainerView.swift in Sources */ = {isa = PBXBuildFile; fileRef = F25A708F2F71250300888A49 /* DishContainerView.swift */; };
/* End PBXBuildFile section */

/* Begin PBXFileReference section */
		F25A70742F7122A500888A49 /* GastronomicDictionary.app */ = {isa = PBXFileReference; explicitFileType = wrapper.application; includeInIndex = 0; path = GastronomicDictionary.app; sourceTree = BUILT_PRODUCTS_DIR; };
		F25A70772F7122A500888A49 /* GastronomicDictionaryApp.swift */ = {isa = PBXFileReference; lastKnownFileType = sourcecode.swift; path = GastronomicDictionaryApp.swift; sourceTree = "<group>"; };
		F25A70792F7122A500888A49 /* ContentView.swift */ = {isa = PBXFileReference; lastKnownFileType = sourcecode.swift; path = ContentView.swift; sourceTree = "<group>"; };
		F25A707B2F7122AA00888A49 /* Assets.xcassets */ = {isa = PBXFileReference; lastKnownFileType = folder.assetcatalog; path = Assets.xcassets; sourceTree = "<group>"; };
		F25A707E2F7122AA00888A49 /* Preview Assets.xcassets */ = {isa = PBXFileReference; lastKnownFileType = folder.assetcatalog; path = "Preview Assets.xcassets"; sourceTree = "<group>"; };
		F25A70862F71234700888A49 /* Dish.swift */ = {isa = PBXFileReference; lastKnownFileType = sourcecode.swift; path = Dish.swift; sourceTree = "<group>"; };
		F25A70892F7123F900888A49 /* DishViewCell.swift */ = {isa = PBXFileReference; lastKnownFileType = sourcecode.swift; path = DishViewCell.swift; sourceTree = "<group>"; };
		F25A708C2F71248D00888A49 /* DishViewController.swift */ = {isa = PBXFileReference; lastKnownFileType = sourcecode.swift; path = DishViewController.swift; sourceTree = "<group>"; };
		F25A708F2F71250300888A49 /* DishContainerView.swift */ = {isa = PBXFileReference; lastKnownFileType = sourcecode.swift; path = DishContainerView.swift; sourceTree = "<group>"; };
/* End PBXFileReference section */

/* Begin PBXFrameworksBuildPhase section */
		F25A70712F7122A500888A49 /* Frameworks */ = {
			isa = PBXFrameworksBuildPhase;
			buildActionMask = 2147483647;
			files = (
			);
			runOnlyForDeploymentPostprocessing = 0;
		};
/* End PBXFrameworksBuildPhase section */

/* Begin PBXGroup section */
		F25A706B2F7122A500888A49 = {
			isa = PBXGroup;
			children = (
				F25A70762F7122A500888A49 /* GastronomicDictionary */,
				F25A70752F7122A500888A49 /* Products */,
			);
			sourceTree = "<group>";
		};
		F25A70752F7122A500888A49 /* Products */ = {
			isa = PBXGroup;
			children = (
				F25A70742F7122A500888A49 /* GastronomicDictionary.app */,
			);
			name = Products;
			sourceTree = "<group>";
		};
		F25A70762F7122A500888A49 /* GastronomicDictionary */ = {
			isa = PBXGroup;
			children = (
				F25A708E2F7124E300888A49 /* Integrations */,
				F25A708B2F71246F00888A49 /* Controllers */,
				F25A70882F7123BC00888A49 /* Views */,
				F25A70852F71233400888A49 /* Models */,
				F25A70772F7122A500888A49 /* GastronomicDictionaryApp.swift */,
				F25A707B2F7122AA00888A49 /* Assets.xcassets */,
				F25A707D2F7122AA00888A49 /* Preview Content */,
			);
			path = GastronomicDictionary;
			sourceTree = "<group>";
		};
		F25A707D2F7122AA00888A49 /* Preview Content */ = {
			isa = PBXGroup;
			children = (
				F25A707E2F7122AA00888A49 /* Preview Assets.xcassets */,
			);
			path = "Preview Content";
			sourceTree = "<group>";
		};
		F25A70852F71233400888A49 /* Models */ = {
			isa = PBXGroup;
			children = (
				F25A70862F71234700888A49 /* Dish.swift */,
			);
			path = Models;
			sourceTree = "<group>";
		};
		F25A70882F7123BC00888A49 /* Views */ = {
			isa = PBXGroup;
			children = (
				F25A70892F7123F900888A49 /* DishViewCell.swift */,
				F25A70792F7122A500888A49 /* ContentView.swift */,
			);
			path = Views;
			sourceTree = "<group>";
		};
		F25A708B2F71246F00888A49 /* Controllers */ = {
			isa = PBXGroup;
			children = (
				F25A708C2F71248D00888A49 /* DishViewController.swift */,
			);
			path = Controllers;
			sourceTree = "<group>";
		};
		F25A708E2F7124E300888A49 /* Integrations */ = {
			isa = PBXGroup;
			children = (
				F25A708F2F71250300888A49 /* DishContainerView.swift */,
			);
			path = Integrations;
			sourceTree = "<group>";
		};
/* End PBXGroup section */

/* Begin PBXNativeTarget section */
		F25A70732F7122A500888A49 /* GastronomicDictionary */ = {
			isa = PBXNativeTarget;
			buildConfigurationList = F25A70822F7122AA00888A49 /* Build configuration list for PBXNativeTarget "GastronomicDictionary" */;
			buildPhases = (
				F25A70702F7122A500888A49 /* Sources */,
				F25A70712F7122A500888A49 /* Frameworks */,
				F25A70722F7122A500888A49 /* Resources */,
			);
			buildRules = (
			);
			dependencies = (
			);
			name = GastronomicDictionary;
			productName = GastronomicDictionary;
			productReference = F25A70742F7122A500888A49 /* GastronomicDictionary.app */;
			productType = "com.apple.product-type.application";
		};
/* End PBXNativeTarget section */

/* Begin PBXProject section */
		F25A706C2F7122A500888A49 /* Project object */ = {
			isa = PBXProject;
			attributes = {
				BuildIndependentTargetsInParallel = 1;
				LastSwiftUpdateCheck = 1320;
				LastUpgradeCheck = 1320;
				TargetAttributes = {
					F25A70732F7122A500888A49 = {
						CreatedOnToolsVersion = 13.2.1;
					};
				};
			};
			buildConfigurationList = F25A706F2F7122A500888A49 /* Build configuration list for PBXProject "GastronomicDictionary" */;
			compatibilityVersion = "Xcode 13.0";
			developmentRegion = en;
			hasScannedForEncodings = 0;
			knownRegions = (
				en,
				Base,
			);
			mainGroup = F25A706B2F7122A500888A49;
			productRefGroup = F25A70752F7122A500888A49 /* Products */;
			projectDirPath = "";
			projectRoot = "";
			targets = (
				F25A70732F7122A500888A49 /* GastronomicDictionary */,
			);
		};
/* End PBXProject section */

/* Begin PBXResourcesBuildPhase section */
		F25A70722F7122A500888A49 /* Resources */ = {
			isa = PBXResourcesBuildPhase;
			buildActionMask = 2147483647;
			files = (
				F25A707F2F7122AA00888A49 /* Preview Assets.xcassets in Resources */,
				F25A707C2F7122AA00888A49 /* Assets.xcassets in Resources */,
			);
			runOnlyForDeploymentPostprocessing = 0;
		};
/* End PBXResourcesBuildPhase section */

/* Begin PBXSourcesBuildPhase section */
		F25A70702F7122A500888A49 /* Sources */ = {
			isa = PBXSourcesBuildPhase;
			buildActionMask = 2147483647;
			files = (
				F25A70902F71250300888A49 /* DishContainerView.swift in Sources */,
				F25A708A2F7123F900888A49 /* DishViewCell.swift in Sources */,
				F25A70872F71234700888A49 /* Dish.swift in Sources */,
				F25A707A2F7122A500888A49 /* ContentView.swift in Sources */,
				F25A70782F7122A500888A49 /* GastronomicDictionaryApp.swift in Sources */,
				F25A708D2F71248D00888A49 /* DishViewController.swift in Sources */,
			);
			runOnlyForDeploymentPostprocessing = 0;
		};
/* End PBXSourcesBuildPhase section */

/* Begin XCBuildConfiguration section */
		F25A70802F7122AA00888A49 /* Debug */ = {
			isa = XCBuildConfiguration;
			buildSettings = {
				ALWAYS_SEARCH_USER_PATHS = NO;
				CLANG_ANALYZER_NONNULL = YES;
				CLANG_ANALYZER_NUMBER_OBJECT_CONVERSION = YES_AGGRESSIVE;
				CLANG_CXX_LANGUAGE_STANDARD = "gnu++17";
				CLANG_CXX_LIBRARY = "libc++";
				CLANG_ENABLE_MODULES = YES;
				CLANG_ENABLE_OBJC_ARC = YES;
				CLANG_ENABLE_OBJC_WEAK = YES;
				CLANG_WARN_BLOCK_CAPTURE_AUTORELEASING = YES;
				CLANG_WARN_BOOL_CONVERSION = YES;
				CLANG_WARN_COMMA = YES;
				CLANG_WARN_CONSTANT_CONVERSION = YES;
				CLANG_WARN_DEPRECATED_OBJC_IMPLEMENTATIONS = YES;
				CLANG_WARN_DIRECT_OBJC_ISA_USAGE = YES_ERROR;
				CLANG_WARN_DOCUMENTATION_COMMENTS = YES;
				CLANG_WARN_EMPTY_BODY = YES;
				CLANG_WARN_ENUM_CONVERSION = YES;
				CLANG_WARN_INFINITE_RECURSION = YES;
				CLANG_WARN_INT_CONVERSION = YES;
				CLANG_WARN_NON_LITERAL_NULL_CONVERSION = YES;
				CLANG_WARN_OBJC_IMPLICIT_RETAIN_SELF = YES;
				CLANG_WARN_OBJC_LITERAL_CONVERSION = YES;
				CLANG_WARN_OBJC_ROOT_CLASS = YES_ERROR;
				CLANG_WARN_QUOTED_INCLUDE_IN_FRAMEWORK_HEADER = YES;
				CLANG_WARN_RANGE_LOOP_ANALYSIS = YES;
				CLANG_WARN_STRICT_PROTOTYPES = YES;
				CLANG_WARN_SUSPICIOUS_MOVE = YES;
				CLANG_WARN_UNGUARDED_AVAILABILITY = YES_AGGRESSIVE;
				CLANG_WARN_UNREACHABLE_CODE = YES;
				CLANG_WARN__DUPLICATE_METHOD_MATCH = YES;
				COPY_PHASE_STRIP = NO;
				DEBUG_INFORMATION_FORMAT = dwarf;
				ENABLE_STRICT_OBJC_MSGSEND = YES;
				ENABLE_TESTABILITY = YES;
				GCC_C_LANGUAGE_STANDARD = gnu11;
				GCC_DYNAMIC_NO_PIC = NO;
				GCC_NO_COMMON_BLOCKS = YES;
				GCC_OPTIMIZATION_LEVEL = 0;
				GCC_PREPROCESSOR_DEFINITIONS = (
					"DEBUG=1",
					"$(inherited)",
				);
				GCC_WARN_64_TO_32_BIT_CONVERSION = YES;
				GCC_WARN_ABOUT_RETURN_TYPE = YES_ERROR;
				GCC_WARN_UNDECLARED_SELECTOR = YES;
				GCC_WARN_UNINITIALIZED_AUTOS = YES_AGGRESSIVE;
				GCC_WARN_UNUSED_FUNCTION = YES;
				GCC_WARN_UNUSED_VARIABLE = YES;
				IPHONEOS_DEPLOYMENT_TARGET = 15.2;
				MTL_ENABLE_DEBUG_INFO = INCLUDE_SOURCE;
				MTL_FAST_MATH = YES;
				ONLY_ACTIVE_ARCH = YES;
				SDKROOT = iphoneos;
				SWIFT_ACTIVE_COMPILATION_CONDITIONS = DEBUG;
				SWIFT_OPTIMIZATION_LEVEL = "-Onone";
			};
			name = Debug;
		};
		F25A70812F7122AA00888A49 /* Release */ = {
			isa = XCBuildConfiguration;
			buildSettings = {
				ALWAYS_SEARCH_USER_PATHS = NO;
				CLANG_ANALYZER_NONNULL = YES;
				CLANG_ANALYZER_NUMBER_OBJECT_CONVERSION = YES_AGGRESSIVE;
				CLANG_CXX_LANGUAGE_STANDARD = "gnu++17";
				CLANG_CXX_LIBRARY = "libc++";
				CLANG_ENABLE_MODULES = YES;
				CLANG_ENABLE_OBJC_ARC = YES;
				CLANG_ENABLE_OBJC_WEAK = YES;
				CLANG_WARN_BLOCK_CAPTURE_AUTORELEASING = YES;
				CLANG_WARN_BOOL_CONVERSION = YES;
				CLANG_WARN_COMMA = YES;
				CLANG_WARN_CONSTANT_CONVERSION = YES;
				CLANG_WARN_DEPRECATED_OBJC_IMPLEMENTATIONS = YES;
				CLANG_WARN_DIRECT_OBJC_ISA_USAGE = YES_ERROR;
				CLANG_WARN_DOCUMENTATION_COMMENTS = YES;
				CLANG_WARN_EMPTY_BODY = YES;
				CLANG_WARN_ENUM_CONVERSION = YES;
				CLANG_WARN_INFINITE_RECURSION = YES;
				CLANG_WARN_INT_CONVERSION = YES;
				CLANG_WARN_NON_LITERAL_NULL_CONVERSION = YES;
				CLANG_WARN_OBJC_IMPLICIT_RETAIN_SELF = YES;
				CLANG_WARN_OBJC_LITERAL_CONVERSION = YES;
				CLANG_WARN_OBJC_ROOT_CLASS = YES_ERROR;
				CLANG_WARN_QUOTED_INCLUDE_IN_FRAMEWORK_HEADER = YES;
				CLANG_WARN_RANGE_LOOP_ANALYSIS = YES;
				CLANG_WARN_STRICT_PROTOTYPES = YES;
				CLANG_WARN_SUSPICIOUS_MOVE = YES;
				CLANG_WARN_UNGUARDED_AVAILABILITY = YES_AGGRESSIVE;
				CLANG_WARN_UNREACHABLE_CODE = YES;
				CLANG_WARN__DUPLICATE_METHOD_MATCH = YES;
				COPY_PHASE_STRIP = NO;
				DEBUG_INFORMATION_FORMAT = "dwarf-with-dsym";
				ENABLE_NS_ASSERTIONS = NO;
				ENABLE_STRICT_OBJC_MSGSEND = YES;
				GCC_C_LANGUAGE_STANDARD = gnu11;
				GCC_NO_COMMON_BLOCKS = YES;
				GCC_WARN_64_TO_32_BIT_CONVERSION = YES;
				GCC_WARN_ABOUT_RETURN_TYPE = YES_ERROR;
				GCC_WARN_UNDECLARED_SELECTOR = YES;
				GCC_WARN_UNINITIALIZED_AUTOS = YES_AGGRESSIVE;
				GCC_WARN_UNUSED_FUNCTION = YES;
				GCC_WARN_UNUSED_VARIABLE = YES;
				IPHONEOS_DEPLOYMENT_TARGET = 15.2;
				MTL_ENABLE_DEBUG_INFO = NO;
				MTL_FAST_MATH = YES;
				SDKROOT = iphoneos;
				SWIFT_COMPILATION_MODE = wholemodule;
				SWIFT_OPTIMIZATION_LEVEL = "-O";
				VALIDATE_PRODUCT = YES;
			};
			name = Release;
		};
		F25A70832F7122AA00888A49 /* Debug */ = {
			isa = XCBuildConfiguration;
			buildSettings = {
				ASSETCATALOG_COMPILER_APPICON_NAME = AppIcon;
				ASSETCATALOG_COMPILER_GLOBAL_ACCENT_COLOR_NAME = AccentColor;
				CODE_SIGN_STYLE = Automatic;
				CURRENT_PROJECT_VERSION = 1;
				DEVELOPMENT_ASSET_PATHS = "\"GastronomicDictionary/Preview Content\"";
				ENABLE_PREVIEWS = YES;
				GENERATE_INFOPLIST_FILE = YES;
				INFOPLIST_KEY_UIApplicationSceneManifest_Generation = YES;
				INFOPLIST_KEY_UIApplicationSupportsIndirectInputEvents = YES;
				INFOPLIST_KEY_UILaunchScreen_Generation = YES;
				INFOPLIST_KEY_UISupportedInterfaceOrientations_iPad = "UIInterfaceOrientationPortrait UIInterfaceOrientationPortraitUpsideDown UIInterfaceOrientationLandscapeLeft UIInterfaceOrientationLandscapeRight";
				INFOPLIST_KEY_UISupportedInterfaceOrientations_iPhone = "UIInterfaceOrientationPortrait UIInterfaceOrientationLandscapeLeft UIInterfaceOrientationLandscapeRight";
				LD_RUNPATH_SEARCH_PATHS = (
					"$(inherited)",
					"@executable_path/Frameworks",
				);
				MARKETING_VERSION = 1.0;
				PRODUCT_BUNDLE_IDENTIFIER = com.joseramos.GastronomicDictionary;
				PRODUCT_NAME = "$(TARGET_NAME)";
				SWIFT_EMIT_LOC_STRINGS = YES;
				SWIFT_VERSION = 5.0;
				TARGETED_DEVICE_FAMILY = "1,2";
			};
			name = Debug;
		};
		F25A70842F7122AA00888A49 /* Release */ = {
			isa = XCBuildConfiguration;
			buildSettings = {
				ASSETCATALOG_COMPILER_APPICON_NAME = AppIcon;
				ASSETCATALOG_COMPILER_GLOBAL_ACCENT_COLOR_NAME = AccentColor;
				CODE_SIGN_STYLE = Automatic;
				CURRENT_PROJECT_VERSION = 1;
				DEVELOPMENT_ASSET_PATHS = "\"GastronomicDictionary/Preview Content\"";
				ENABLE_PREVIEWS = YES;
				GENERATE_INFOPLIST_FILE = YES;
				INFOPLIST_KEY_UIApplicationSceneManifest_Generation = YES;
				INFOPLIST_KEY_UIApplicationSupportsIndirectInputEvents = YES;
				INFOPLIST_KEY_UILaunchScreen_Generation = YES;
				INFOPLIST_KEY_UISupportedInterfaceOrientations_iPad = "UIInterfaceOrientationPortrait UIInterfaceOrientationPortraitUpsideDown UIInterfaceOrientationLandscapeLeft UIInterfaceOrientationLandscapeRight";
				INFOPLIST_KEY_UISupportedInterfaceOrientations_iPhone = "UIInterfaceOrientationPortrait UIInterfaceOrientationLandscapeLeft UIInterfaceOrientationLandscapeRight";
				LD_RUNPATH_SEARCH_PATHS = (
					"$(inherited)",
					"@executable_path/Frameworks",
				);
				MARKETING_VERSION = 1.0;
				PRODUCT_BUNDLE_IDENTIFIER = com.joseramos.GastronomicDictionary;
				PRODUCT_NAME = "$(TARGET_NAME)";
				SWIFT_EMIT_LOC_STRINGS = YES;
				SWIFT_VERSION = 5.0;
				TARGETED_DEVICE_FAMILY = "1,2";
			};
			name = Release;
		};
/* End XCBuildConfiguration section */

/* Begin XCConfigurationList section */
		F25A706F2F7122A500888A49 /* Build configuration list for PBXProject "GastronomicDictionary" */ = {
			isa = XCConfigurationList;
			buildConfigurations = (
				F25A70802F7122AA00888A49 /* Debug */,
				F25A70812F7122AA00888A49 /* Release */,
			);
			defaultConfigurationIsVisible = 0;
			defaultConfigurationName = Release;
		};
		F25A70822F7122AA00888A49 /* Build configuration list for PBXNativeTarget "GastronomicDictionary" */ = {
			isa = XCConfigurationList;
			buildConfigurations = (
				F25A70832F7122AA00888A49 /* Debug */,
				F25A70842F7122AA00888A49 /* Release */,
			);
			defaultConfigurationIsVisible = 0;
			defaultConfigurationName = Release;
		};
/* End XCConfigurationList section */
	};
	rootObject = F25A706C2F7122A500888A49 /* Project object */;
}
